
Microsoft Visual Studio Solution File, Format Version 12.00
# Visual Studio Version 16
VisualStudioVersion = 16.0.31702.278
MinimumVisualStudioVersion = 10.0.40219.1
Project("{FAE04EC0-301F-11D3-BF4B-00C04F79EFBC}") = "TasksSecondLesson", "TasksSecondLesson\TasksSecondLesson.csproj", "{BDB5E15E-4DFC-41F0-A866-E7A3E6EA2061}"
EndProject
Global
	GlobalSection(SolutionConfigurationPlatforms) = preSolution
		Debug|Any CPU = Debug|Any CPU
		Release|Any CPU = Release|Any CPU
	EndGlobalSection
	GlobalSection(ProjectConfigurationPlatforms) = postSolution
		{BDB5E15E-4DFC-41F0-A866-E7A3E6EA2061}.Debug|Any CPU.ActiveCfg = Debug|Any CPU
		{BDB5E15E-4DFC-41F0-A866-E7A3E6EA2061}.Debug|Any CPU.Build.0 = Debug|Any CPU
		{BDB5E15E-4DFC-41F0-A866-E7A3E6EA2061}.Release|Any CPU.ActiveCfg = Release|Any CPU
		{BDB5E15E-4DFC-41F0-A866-E7A3E6EA2061}.Release|Any CPU.Build.0 = Release|Any CPU
	EndGlobalSection
	GlobalSection(SolutionProperties) = preSolution
		HideSolutionNode = FALSE
	EndGlobalSection
	GlobalSection(ExtensibilityGlobals) = postSolution
		SolutionGuid = {B775A50B-86D6-4565-A3FD-F257A0D46F8B}
	EndGlobalSection
EndGlobal
